
Microsoft Visual Studio Solution File, Format Version 12.00
# Visual Studio Version 17
VisualStudioVersion = 17.14.36717.8
MinimumVisualStudioVersion = 10.0.40219.1
Project("{FAE04EC0-301F-11D3-BF4B-00C04F79EFBC}") = "Abstracciones", "Abstracciones\Abstracciones.csproj", "{8BB458F5-73D4-CD5D-40C4-CCABFEDAD34F}"
EndProject
Project("{FAE04EC0-301F-11D3-BF4B-00C04F79EFBC}") = "API", "API\API.csproj", "{CBFA08EA-AECE-205F-7B85-326FD0B81BAD}"
EndProject
Project("{00D1A9C2-B5F0-4AF3-8072-F6C62B433612}") = "BD", "BD\BD.sqlproj", "{3715DACA-E233-40C1-AB58-98200350636C}"
EndProject
Project("{FAE04EC0-301F-11D3-BF4B-00C04F79EFBC}") = "DA", "DA\DA.csproj", "{7CE699E8-F5D2-F063-D3DC-90B32E61BC0C}"
EndProject
Project("{FAE04EC0-301F-11D3-BF4B-00C04F79EFBC}") = "Flujo", "Flujo\Flujo.csproj", "{CAC7931E-A99C-77DB-5A7F-3FC2A693DB09}"
EndProject
Project("{FAE04EC0-301F-11D3-BF4B-00C04F79EFBC}") = "Servicios", "Servicios\Servicios.csproj", "{BFC2B82B-C754-4DAD-A999-D4AE124C174F}"
EndProject
Project("{FAE04EC0-301F-11D3-BF4B-00C04F79EFBC}") = "Reglas", "Reglas\Reglas.csproj", "{6D946241-80B4-44B3-A001-BE236F716F54}"
EndProject
Global
	GlobalSection(SolutionConfigurationPlatforms) = preSolution
		Debug|Any CPU = Debug|Any CPU
		Release|Any CPU = Release|Any CPU
	EndGlobalSection
	GlobalSection(ProjectConfigurationPlatforms) = postSolution
		{8BB458F5-73D4-CD5D-40C4-CCABFEDAD34F}.Debug|Any CPU.ActiveCfg = Debug|Any CPU
		{8BB458F5-73D4-CD5D-40C4-CCABFEDAD34F}.Debug|Any CPU.Build.0 = Debug|Any CPU
		{8BB458F5-73D4-CD5D-40C4-CCABFEDAD34F}.Release|Any CPU.ActiveCfg = Release|Any CPU
		{8BB458F5-73D4-CD5D-40C4-CCABFEDAD34F}.Release|Any CPU.Build.0 = Release|Any CPU
		{CBFA08EA-AECE-205F-7B85-326FD0B81BAD}.Debug|Any CPU.ActiveCfg = Debug|Any CPU
		{CBFA08EA-AECE-205F-7B85-326FD0B81BAD}.Debug|Any CPU.Build.0 = Debug|Any CPU
		{CBFA08EA-AECE-205F-7B85-326FD0B81BAD}.Release|Any CPU.ActiveCfg = Release|Any CPU
		{CBFA08EA-AECE-205F-7B85-326FD0B81BAD}.Release|Any CPU.Build.0 = Release|Any CPU
		{3715DACA-E233-40C1-AB58-98200350636C}.Debug|Any CPU.ActiveCfg = Debug|Any CPU
		{3715DACA-E233-40C1-AB58-98200350636C}.Debug|Any CPU.Build.0 = Debug|Any CPU
		{3715DACA-E233-40C1-AB58-98200350636C}.Debug|Any CPU.Deploy.0 = Debug|Any CPU
		{3715DACA-E233-40C1-AB58-98200350636C}.Release|Any CPU.ActiveCfg = Release|Any CPU
		{3715DACA-E233-40C1-AB58-98200350636C}.Release|Any CPU.Build.0 = Release|Any CPU
		{3715DACA-E233-40C1-AB58-98200350636C}.Release|Any CPU.Deploy.0 = Release|Any CPU
		{7CE699E8-F5D2-F063-D3DC-90B32E61BC0C}.Debug|Any CPU.ActiveCfg = Debug|Any CPU
		{7CE699E8-F5D2-F063-D3DC-90B32E61BC0C}.Debug|Any CPU.Build.0 = Debug|Any CPU
		{7CE699E8-F5D2-F063-D3DC-90B32E61BC0C}.Release|Any CPU.ActiveCfg = Release|Any CPU
		{7CE699E8-F5D2-F063-D3DC-90B32E61BC0C}.Release|Any CPU.Build.0 = Release|Any CPU
		{CAC7931E-A99C-77DB-5A7F-3FC2A693DB09}.Debug|Any CPU.ActiveCfg = Debug|Any CPU
		{CAC7931E-A99C-77DB-5A7F-3FC2A693DB09}.Debug|Any CPU.Build.0 = Debug|Any CPU
		{CAC7931E-A99C-77DB-5A7F-3FC2A693DB09}.Release|Any CPU.ActiveCfg = Release|Any CPU
		{CAC7931E-A99C-77DB-5A7F-3FC2A693DB09}.Release|Any CPU.Build.0 = Release|Any CPU
		{BFC2B82B-C754-4DAD-A999-D4AE124C174F}.Debug|Any CPU.ActiveCfg = Debug|Any CPU
		{BFC2B82B-C754-4DAD-A999-D4AE124C174F}.Debug|Any CPU.Build.0 = Debug|Any CPU
		{BFC2B82B-C754-4DAD-A999-D4AE124C174F}.Release|Any CPU.ActiveCfg = Release|Any CPU
		{BFC2B82B-C754-4DAD-A999-D4AE124C174F}.Release|Any CPU.Build.0 = Release|Any CPU
		{6D946241-80B4-44B3-A001-BE236F716F54}.Debug|Any CPU.ActiveCfg = Debug|Any CPU
		{6D946241-80B4-44B3-A001-BE236F716F54}.Debug|Any CPU.Build.0 = Debug|Any CPU
		{6D946241-80B4-44B3-A001-BE236F716F54}.Release|Any CPU.ActiveCfg = Release|Any CPU
		{6D946241-80B4-44B3-A001-BE236F716F54}.Release|Any CPU.Build.0 = Release|Any CPU
	EndGlobalSection
	GlobalSection(SolutionProperties) = preSolution
		HideSolutionNode = FALSE
	EndGlobalSection
	GlobalSection(ExtensibilityGlobals) = postSolution
		SolutionGuid = {5100008C-D5B4-4E15-AFC6-FD7015C4AF63}
	EndGlobalSection
EndGlobal
